
Microsoft Visual Studio Solution File, Format Version 12.00
# Visual Studio Version 17
VisualStudioVersion = 17.14.36327.8 d17.14
MinimumVisualStudioVersion = 10.0.40219.1
Project("{FAE04EC0-301F-11D3-BF4B-00C04F79EFBC}") = "DemoAppCSharp", "DemoAppCSharp\DemoAppCSharp.csproj", "{FA4DECA2-D61C-48BF-9269-C443A772FCF6}"
EndProject
Global
	GlobalSection(SolutionConfigurationPlatforms) = preSolution
		Debug|Any CPU = Debug|Any CPU
		Release|Any CPU = Release|Any CPU
	EndGlobalSection
	GlobalSection(ProjectConfigurationPlatforms) = postSolution
		{FA4DECA2-D61C-48BF-9269-C443A772FCF6}.Debug|Any CPU.ActiveCfg = Debug|Any CPU
		{FA4DECA2-D61C-48BF-9269-C443A772FCF6}.Debug|Any CPU.Build.0 = Debug|Any CPU
		{FA4DECA2-D61C-48BF-9269-C443A772FCF6}.Release|Any CPU.ActiveCfg = Release|Any CPU
		{FA4DECA2-D61C-48BF-9269-C443A772FCF6}.Release|Any CPU.Build.0 = Release|Any CPU
	EndGlobalSection
	GlobalSection(SolutionProperties) = preSolution
		HideSolutionNode = FALSE
	EndGlobalSection
	GlobalSection(ExtensibilityGlobals) = postSolution
		SolutionGuid = {EB66BA10-1391-4AD9-9995-0115160A5787}
	EndGlobalSection
EndGlobal
